{
  "name": "MoveSearch",
  "version": "0.0.1",
  "lockfileVersion": 1,
  "requires": true,
  "dependencies": {
    "wokoo-template": {
      "version": "0.2.11",
      "resolved": "https://registry.npmjs.org/wokoo-template/-/wokoo-template-0.2.11.tgz",
      "integrity": "sha512-OnL6oRuPrjfBgvj7X4zTczvVt02wD+p4Cj0SNr5wOSPSJtN16cl0+0lVvf/zY7sLjb00Qu4Qpqq7qv128k/koA=="
    }
  }
}
